{
  "name": "package-node",
  "version": "1.0.0",
  "lockfileVersion": 3,
  "requires": true,
  "packages": {
    "": {
      "name": "package-node",
      "version": "1.0.0",
      "license": "ISC",
      "dependencies": {
        "@iamgromov/browser-vs-node": "^1.0.0"
      }
    },
    "node_modules/@iamgromov/browser-vs-node": {
      "version": "1.0.0",
      "resolved": "https://npm.pkg.github.com/download/@iamgromov/browser-vs-node/1.0.0/9a611d8a57219625ce74a0a764e2ae4188a6c746",
      "integrity": "sha512-6xbMe1GMNQlRDLllBjZhK+7mL82/kNhe/eImrsbB/r3CWEN1cwlCqOv0DKFeNvFxLtHr4nZFLermzHZwyHiayQ==",
      "license": "ISC"
    }
  }
}
